
Microsoft Visual Studio Solution File, Format Version 12.00
# Visual Studio Version 17
VisualStudioVersion = 17.8.34330.188
MinimumVisualStudioVersion = 10.0.40219.1
Project("{8BC9CEB8-8B4A-11D0-8D11-00A0C91BC942}") = "homework", "homework\homework.vcxproj", "{337183E9-54F7-4461-B284-F6186A45082A}"
EndProject
Project("{8BC9CEB8-8B4A-11D0-8D11-00A0C91BC942}") = "PascalTriangle", "PascalTriangle\PascalTriangle.vcxproj", "{B0155FE4-F966-4825-A187-F1E33AADAE55}"
EndProject
Global
	GlobalSection(SolutionConfigurationPlatforms) = preSolution
		Debug|x64 = Debug|x64
		Debug|x86 = Debug|x86
		Release|x64 = Release|x64
		Release|x86 = Release|x86
	EndGlobalSection
	GlobalSection(ProjectConfigurationPlatforms) = postSolution
		{337183E9-54F7-4461-B284-F6186A45082A}.Debug|x64.ActiveCfg = Debug|x64
		{337183E9-54F7-4461-B284-F6186A45082A}.Debug|x64.Build.0 = Debug|x64
		{337183E9-54F7-4461-B284-F6186A45082A}.Debug|x86.ActiveCfg = Debug|Win32
		{337183E9-54F7-4461-B284-F6186A45082A}.Debug|x86.Build.0 = Debug|Win32
		{337183E9-54F7-4461-B284-F6186A45082A}.Release|x64.ActiveCfg = Release|x64
		{337183E9-54F7-4461-B284-F6186A45082A}.Release|x64.Build.0 = Release|x64
		{337183E9-54F7-4461-B284-F6186A45082A}.Release|x86.ActiveCfg = Release|Win32
		{337183E9-54F7-4461-B284-F6186A45082A}.Release|x86.Build.0 = Release|Win32
		{B0155FE4-F966-4825-A187-F1E33AADAE55}.Debug|x64.ActiveCfg = Debug|x64
		{B0155FE4-F966-4825-A187-F1E33AADAE55}.Debug|x64.Build.0 = Debug|x64
		{B0155FE4-F966-4825-A187-F1E33AADAE55}.Debug|x86.ActiveCfg = Debug|Win32
		{B0155FE4-F966-4825-A187-F1E33AADAE55}.Debug|x86.Build.0 = Debug|Win32
		{B0155FE4-F966-4825-A187-F1E33AADAE55}.Release|x64.ActiveCfg = Release|x64
		{B0155FE4-F966-4825-A187-F1E33AADAE55}.Release|x64.Build.0 = Release|x64
		{B0155FE4-F966-4825-A187-F1E33AADAE55}.Release|x86.ActiveCfg = Release|Win32
		{B0155FE4-F966-4825-A187-F1E33AADAE55}.Release|x86.Build.0 = Release|Win32
	EndGlobalSection
	GlobalSection(SolutionProperties) = preSolution
		HideSolutionNode = FALSE
	EndGlobalSection
	GlobalSection(ExtensibilityGlobals) = postSolution
		SolutionGuid = {1EA02BE0-14AA-4725-9891-ADCEE941D5DB}
	EndGlobalSection
EndGlobal
